
Microsoft Visual Studio Solution File, Format Version 12.00
# Visual Studio Version 17
VisualStudioVersion = 17.13.35931.197
MinimumVisualStudioVersion = 10.0.40219.1
Project("{FAE04EC0-301F-11D3-BF4B-00C04F79EFBC}") = "DTC", "DTC\DTC.csproj", "{874752F7-66A7-41BB-B3B8-7520052BFCCD}"
EndProject
Project("{FAE04EC0-301F-11D3-BF4B-00C04F79EFBC}") = "Dct.Infra.Data", "Dct.Infra.Data\Dct.Infra.Data.csproj", "{AAB9DF67-E3B4-4CAD-816D-B5B964B5A1FE}"
EndProject
Project("{2150E333-8FDC-42A3-9474-1A3956D46DE8}") = "Infra", "Infra", "{02EA681E-C7D8-13C7-8484-4AC65E1B71E8}"
EndProject
Project("{FAE04EC0-301F-11D3-BF4B-00C04F79EFBC}") = "Dct.Infra.CrossCutting", "Dct.Infra.CrossCutting\Dct.Infra.CrossCutting.csproj", "{5B4CCB0C-DD07-48A1-9F1F-B7D1D9207669}"
EndProject
Project("{2150E333-8FDC-42A3-9474-1A3956D46DE8}") = "Service", "Service", "{913DE574-174B-46C5-9A39-9E7993E38DDC}"
EndProject
Project("{FAE04EC0-301F-11D3-BF4B-00C04F79EFBC}") = "Dtc.Service", "Dtc.Service\Dtc.Service.csproj", "{631C6E8D-1614-4FE1-B5E6-B245ECE1C0D1}"
EndProject
Project("{FAE04EC0-301F-11D3-BF4B-00C04F79EFBC}") = "Dct.Infra.IoC", "Dct.Infra.IoC\Dct.Infra.IoC.csproj", "{EADCB41B-7E5F-4096-B222-86672CC38BEB}"
EndProject
Project("{2150E333-8FDC-42A3-9474-1A3956D46DE8}") = "Domain", "Domain", "{F99A60DF-4689-473D-B2D2-52D6FCAA3369}"
EndProject
Project("{FAE04EC0-301F-11D3-BF4B-00C04F79EFBC}") = "Dtc.Domain", "Dtc.Domain\Dtc.Domain.csproj", "{EF2CD064-C45D-4EE0-AC4B-BF33F33B070D}"
EndProject
Project("{FAE04EC0-301F-11D3-BF4B-00C04F79EFBC}") = "Dtc.Application", "Dtc.Application\Dtc.Application.csproj", "{09BC6A99-18FE-43DF-9516-2046D2FF689D}"
EndProject
Project("{2150E333-8FDC-42A3-9474-1A3956D46DE8}") = "Application", "Application", "{AF365F42-D379-4D81-BB0B-2120834F0710}"
EndProject
Project("{FAE04EC0-301F-11D3-BF4B-00C04F79EFBC}") = "Dtc.Worker", "Dtc.Worker\Dtc.Worker.csproj", "{5A8DC7D6-8A8F-462C-B434-DA2D21A2B3EA}"
EndProject
Project("{2150E333-8FDC-42A3-9474-1A3956D46DE8}") = "Test", "Test", "{AAA95EA4-BF91-4BF8-9A8B-8C429F7E9904}"
EndProject
Project("{FAE04EC0-301F-11D3-BF4B-00C04F79EFBC}") = "Dtc.Test", "Dtc.Test\Dtc.Test.csproj", "{30FDDAA2-853D-453F-B2F7-A9C5B985C019}"
EndProject
Global
	GlobalSection(SolutionConfigurationPlatforms) = preSolution
		Debug|Any CPU = Debug|Any CPU
		Release|Any CPU = Release|Any CPU
	EndGlobalSection
	GlobalSection(ProjectConfigurationPlatforms) = postSolution
		{874752F7-66A7-41BB-B3B8-7520052BFCCD}.Debug|Any CPU.ActiveCfg = Debug|Any CPU
		{874752F7-66A7-41BB-B3B8-7520052BFCCD}.Debug|Any CPU.Build.0 = Debug|Any CPU
		{874752F7-66A7-41BB-B3B8-7520052BFCCD}.Release|Any CPU.ActiveCfg = Release|Any CPU
		{874752F7-66A7-41BB-B3B8-7520052BFCCD}.Release|Any CPU.Build.0 = Release|Any CPU
		{AAB9DF67-E3B4-4CAD-816D-B5B964B5A1FE}.Debug|Any CPU.ActiveCfg = Debug|Any CPU
		{AAB9DF67-E3B4-4CAD-816D-B5B964B5A1FE}.Debug|Any CPU.Build.0 = Debug|Any CPU
		{AAB9DF67-E3B4-4CAD-816D-B5B964B5A1FE}.Release|Any CPU.ActiveCfg = Release|Any CPU
		{AAB9DF67-E3B4-4CAD-816D-B5B964B5A1FE}.Release|Any CPU.Build.0 = Release|Any CPU
		{5B4CCB0C-DD07-48A1-9F1F-B7D1D9207669}.Debug|Any CPU.ActiveCfg = Debug|Any CPU
		{5B4CCB0C-DD07-48A1-9F1F-B7D1D9207669}.Debug|Any CPU.Build.0 = Debug|Any CPU
		{5B4CCB0C-DD07-48A1-9F1F-B7D1D9207669}.Release|Any CPU.ActiveCfg = Release|Any CPU
		{5B4CCB0C-DD07-48A1-9F1F-B7D1D9207669}.Release|Any CPU.Build.0 = Release|Any CPU
		{631C6E8D-1614-4FE1-B5E6-B245ECE1C0D1}.Debug|Any CPU.ActiveCfg = Debug|Any CPU
		{631C6E8D-1614-4FE1-B5E6-B245ECE1C0D1}.Debug|Any CPU.Build.0 = Debug|Any CPU
		{631C6E8D-1614-4FE1-B5E6-B245ECE1C0D1}.Release|Any CPU.ActiveCfg = Release|Any CPU
		{631C6E8D-1614-4FE1-B5E6-B245ECE1C0D1}.Release|Any CPU.Build.0 = Release|Any CPU
		{EADCB41B-7E5F-4096-B222-86672CC38BEB}.Debug|Any CPU.ActiveCfg = Debug|Any CPU
		{EADCB41B-7E5F-4096-B222-86672CC38BEB}.Debug|Any CPU.Build.0 = Debug|Any CPU
		{EADCB41B-7E5F-4096-B222-86672CC38BEB}.Release|Any CPU.ActiveCfg = Release|Any CPU
		{EADCB41B-7E5F-4096-B222-86672CC38BEB}.Release|Any CPU.Build.0 = Release|Any CPU
		{EF2CD064-C45D-4EE0-AC4B-BF33F33B070D}.Debug|Any CPU.ActiveCfg = Debug|Any CPU
		{EF2CD064-C45D-4EE0-AC4B-BF33F33B070D}.Debug|Any CPU.Build.0 = Debug|Any CPU
		{EF2CD064-C45D-4EE0-AC4B-BF33F33B070D}.Release|Any CPU.ActiveCfg = Release|Any CPU
		{EF2CD064-C45D-4EE0-AC4B-BF33F33B070D}.Release|Any CPU.Build.0 = Release|Any CPU
		{09BC6A99-18FE-43DF-9516-2046D2FF689D}.Debug|Any CPU.ActiveCfg = Debug|Any CPU
		{09BC6A99-18FE-43DF-9516-2046D2FF689D}.Debug|Any CPU.Build.0 = Debug|Any CPU
		{09BC6A99-18FE-43DF-9516-2046D2FF689D}.Release|Any CPU.ActiveCfg = Release|Any CPU
		{09BC6A99-18FE-43DF-9516-2046D2FF689D}.Release|Any CPU.Build.0 = Release|Any CPU
		{5A8DC7D6-8A8F-462C-B434-DA2D21A2B3EA}.Debug|Any CPU.ActiveCfg = Debug|Any CPU
		{5A8DC7D6-8A8F-462C-B434-DA2D21A2B3EA}.Debug|Any CPU.Build.0 = Debug|Any CPU
		{5A8DC7D6-8A8F-462C-B434-DA2D21A2B3EA}.Release|Any CPU.ActiveCfg = Release|Any CPU
		{5A8DC7D6-8A8F-462C-B434-DA2D21A2B3EA}.Release|Any CPU.Build.0 = Release|Any CPU
		{30FDDAA2-853D-453F-B2F7-A9C5B985C019}.Debug|Any CPU.ActiveCfg = Debug|Any CPU
		{30FDDAA2-853D-453F-B2F7-A9C5B985C019}.Debug|Any CPU.Build.0 = Debug|Any CPU
		{30FDDAA2-853D-453F-B2F7-A9C5B985C019}.Release|Any CPU.ActiveCfg = Release|Any CPU
		{30FDDAA2-853D-453F-B2F7-A9C5B985C019}.Release|Any CPU.Build.0 = Release|Any CPU
	EndGlobalSection
	GlobalSection(SolutionProperties) = preSolution
		HideSolutionNode = FALSE
	EndGlobalSection
	GlobalSection(NestedProjects) = preSolution
		{AAB9DF67-E3B4-4CAD-816D-B5B964B5A1FE} = {02EA681E-C7D8-13C7-8484-4AC65E1B71E8}
		{5B4CCB0C-DD07-48A1-9F1F-B7D1D9207669} = {02EA681E-C7D8-13C7-8484-4AC65E1B71E8}
		{631C6E8D-1614-4FE1-B5E6-B245ECE1C0D1} = {913DE574-174B-46C5-9A39-9E7993E38DDC}
		{EADCB41B-7E5F-4096-B222-86672CC38BEB} = {02EA681E-C7D8-13C7-8484-4AC65E1B71E8}
		{EF2CD064-C45D-4EE0-AC4B-BF33F33B070D} = {F99A60DF-4689-473D-B2D2-52D6FCAA3369}
		{09BC6A99-18FE-43DF-9516-2046D2FF689D} = {AF365F42-D379-4D81-BB0B-2120834F0710}
		{30FDDAA2-853D-453F-B2F7-A9C5B985C019} = {AAA95EA4-BF91-4BF8-9A8B-8C429F7E9904}
	EndGlobalSection
	GlobalSection(ExtensibilityGlobals) = postSolution
		SolutionGuid = {B435223D-153E-4C3B-829B-82A48EF7C21F}
	EndGlobalSection
EndGlobal
